
Microsoft Visual Studio Solution File, Format Version 12.00
# Visual Studio Version 16
VisualStudioVersion = 16.0.30907.101
MinimumVisualStudioVersion = 10.0.40219.1
Project("{FAE04EC0-301F-11D3-BF4B-00C04F79EFBC}") = "ConsoleUI", "ConsoleUI\ConsoleUI.csproj", "{7740D887-6977-462A-ADA2-F7D1FADE6108}"
EndProject
Project("{FAE04EC0-301F-11D3-BF4B-00C04F79EFBC}") = "StringUtilsLibrary", "StringUtilsLibrary\StringUtilsLibrary.csproj", "{2F96A489-1B58-4C57-BD6D-3E012272D5AC}"
EndProject
Project("{FAE04EC0-301F-11D3-BF4B-00C04F79EFBC}") = "StringUtilsLibrary.Tests", "StringUtilsLibrary.Tests\StringUtilsLibrary.Tests.csproj", "{9FB0BC0C-177C-43C5-8EE3-5124C9263F9D}"
EndProject
Global
	GlobalSection(SolutionConfigurationPlatforms) = preSolution
		Debug|Any CPU = Debug|Any CPU
		Release|Any CPU = Release|Any CPU
	EndGlobalSection
	GlobalSection(ProjectConfigurationPlatforms) = postSolution
		{7740D887-6977-462A-ADA2-F7D1FADE6108}.Debug|Any CPU.ActiveCfg = Debug|Any CPU
		{7740D887-6977-462A-ADA2-F7D1FADE6108}.Debug|Any CPU.Build.0 = Debug|Any CPU
		{7740D887-6977-462A-ADA2-F7D1FADE6108}.Release|Any CPU.ActiveCfg = Release|Any CPU
		{7740D887-6977-462A-ADA2-F7D1FADE6108}.Release|Any CPU.Build.0 = Release|Any CPU
		{2F96A489-1B58-4C57-BD6D-3E012272D5AC}.Debug|Any CPU.ActiveCfg = Debug|Any CPU
		{2F96A489-1B58-4C57-BD6D-3E012272D5AC}.Debug|Any CPU.Build.0 = Debug|Any CPU
		{2F96A489-1B58-4C57-BD6D-3E012272D5AC}.Release|Any CPU.ActiveCfg = Release|Any CPU
		{2F96A489-1B58-4C57-BD6D-3E012272D5AC}.Release|Any CPU.Build.0 = Release|Any CPU
		{9FB0BC0C-177C-43C5-8EE3-5124C9263F9D}.Debug|Any CPU.ActiveCfg = Debug|Any CPU
		{9FB0BC0C-177C-43C5-8EE3-5124C9263F9D}.Debug|Any CPU.Build.0 = Debug|Any CPU
		{9FB0BC0C-177C-43C5-8EE3-5124C9263F9D}.Release|Any CPU.ActiveCfg = Release|Any CPU
		{9FB0BC0C-177C-43C5-8EE3-5124C9263F9D}.Release|Any CPU.Build.0 = Release|Any CPU
	EndGlobalSection
	GlobalSection(SolutionProperties) = preSolution
		HideSolutionNode = FALSE
	EndGlobalSection
	GlobalSection(ExtensibilityGlobals) = postSolution
		SolutionGuid = {9D2DDB85-0889-40DF-AAA8-D6A127A9C816}
	EndGlobalSection
EndGlobal
